
Microsoft Visual Studio Solution File, Format Version 12.00
# Visual Studio Version 17
VisualStudioVersion = 17.5.002.0
MinimumVisualStudioVersion = 10.0.40219.1
Project("{9A19103F-16F7-4668-BE54-9A1E7A4F7556}") = "RazorPagesMovie", "RazorPagesMovie.csproj", "{52B9AF36-8781-4379-B10A-2E919F1C7E50}"
EndProject
Global
	GlobalSection(SolutionConfigurationPlatforms) = preSolution
		Debug|Any CPU = Debug|Any CPU
		Release|Any CPU = Release|Any CPU
	EndGlobalSection
	GlobalSection(ProjectConfigurationPlatforms) = postSolution
		{52B9AF36-8781-4379-B10A-2E919F1C7E50}.Debug|Any CPU.ActiveCfg = Debug|Any CPU
		{52B9AF36-8781-4379-B10A-2E919F1C7E50}.Debug|Any CPU.Build.0 = Debug|Any CPU
		{52B9AF36-8781-4379-B10A-2E919F1C7E50}.Release|Any CPU.ActiveCfg = Release|Any CPU
		{52B9AF36-8781-4379-B10A-2E919F1C7E50}.Release|Any CPU.Build.0 = Release|Any CPU
	EndGlobalSection
	GlobalSection(SolutionProperties) = preSolution
		HideSolutionNode = FALSE
	EndGlobalSection
	GlobalSection(ExtensibilityGlobals) = postSolution
		SolutionGuid = {A9A18A77-3306-46D7-8ABD-01CA5DAFEED1}
	EndGlobalSection
EndGlobal
